{
  "version": 4,
  "terraform_version": "1.9.0",
  "serial": 1,
  "lineage": "9fdba203-9d36-c5b4-0462-cd03c828a9fb",
  "outputs": {},
  "resources": [
    {
      "mode": "managed",
      "type": "petstore_pet",
      "name": "clifford",
      "provider": "provider[\"hashicorp.com/edu/petstore\"]",
      "instances": [
        {
          "schema_version": 0,
          "attributes": {
            "category": null,
            "id": 12345,
            "name": "Clifford the Big Red Dog",
            "photo_urls": [
              "https://example.com/pet.jpg"
            ],
            "status": null,
            "tags": null
          },
          "sensitive_attributes": []
        }
      ]
    }
  ],
  "check_results": null
}
